
Microsoft Visual Studio Solution File, Format Version 12.00
# Visual Studio Version 17
VisualStudioVersion = 17.14.36511.14
MinimumVisualStudioVersion = 10.0.40219.1
Project("{2150E333-8FDC-42A3-9474-1A3956D46DE8}") = "Task0", "Task0", "{02EA681E-C7D8-13C7-8484-4AC65E1B71E8}"
EndProject
Project("{FAE04EC0-301F-11D3-BF4B-00C04F79EFBC}") = "Tyuiu.SherenkovIR.Sprint1.Task0.V5", "Tyuiu.SherenkovIR.Sprint1.Task0.V5\Tyuiu.SherenkovIR.Sprint1.Task0.V5.csproj", "{5ECEC236-CB83-48C7-924A-F2C423907E72}"
EndProject
Project("{FAE04EC0-301F-11D3-BF4B-00C04F79EFBC}") = "Tyuiu.SherenkovIR.Sprint1.Task0.V5.Lib", "Tyuiu.SherenkovIR.Sprint1.Task0.V5.Lib\Tyuiu.SherenkovIR.Sprint1.Task0.V5.Lib.csproj", "{338C9537-C4C6-4913-B6D0-6E68752278B4}"
EndProject
Project("{FAE04EC0-301F-11D3-BF4B-00C04F79EFBC}") = "Tyuiu.SherenkovIR.Sprint1.Task0.V5.Test", "Tyuiu.SherenkovIR.Sprint1.Task0.V5.Test\Tyuiu.SherenkovIR.Sprint1.Task0.V5.Test.csproj", "{9ADD90F6-03A2-410C-995F-4D21F06CEFC9}"
EndProject
Project("{2150E333-8FDC-42A3-9474-1A3956D46DE8}") = "Task1", "Task1", "{3837C36D-5C27-4C30-AB74-14F0FBA3D9AB}"
EndProject
Project("{FAE04EC0-301F-11D3-BF4B-00C04F79EFBC}") = "Tyuiu.SherenkovIR.Sprint1.Task1.V17", "Tyuiu.SherenkovIR.Sprint1.Task1.V17\Tyuiu.SherenkovIR.Sprint1.Task1.V17.csproj", "{FBA1033D-1766-45A3-92E0-39C58942C1FA}"
EndProject
Project("{FAE04EC0-301F-11D3-BF4B-00C04F79EFBC}") = "Tyuiu.SherenkovIR.Sprint1.Task1.V17.Lib", "Tyuiu.SherenkovIR.Sprint1.Task1.V17.Lib\Tyuiu.SherenkovIR.Sprint1.Task1.V17.Lib.csproj", "{72FC56BE-2ACA-4134-8349-EDF283B753EE}"
EndProject
Project("{FAE04EC0-301F-11D3-BF4B-00C04F79EFBC}") = "Tyuiu.SherenkovIR.Sprint1.Task1.V17.Test", "Tyuiu.SherenkovIR.Sprint1.Task1.V17.Test\Tyuiu.SherenkovIR.Sprint1.Task1.V17.Test.csproj", "{F3CCC822-9F25-4132-B617-0FB5C95B0B05}"
EndProject
Project("{2150E333-8FDC-42A3-9474-1A3956D46DE8}") = "Task2", "Task2", "{6DC9E4B1-63DE-426C-93E1-32B1272090FF}"
EndProject
Project("{FAE04EC0-301F-11D3-BF4B-00C04F79EFBC}") = "Tyuiu.SherenkovIR.Sprint1.Task2.V13", "Tyuiu.SherenkovIR.Sprint1.Task2.V13\Tyuiu.SherenkovIR.Sprint1.Task2.V13.csproj", "{F2F33335-56EC-4B96-A61A-BC6372A7660E}"
EndProject
Project("{FAE04EC0-301F-11D3-BF4B-00C04F79EFBC}") = "Tyuiu.SherenkovIR.Sprint1.Task2.V13.Lib", "Tyuiu.SherenkovIR.Sprint1.Task2.V13.Lib\Tyuiu.SherenkovIR.Sprint1.Task2.V13.Lib.csproj", "{43B8D042-B721-47BB-AF5A-22131735A91A}"
EndProject
Project("{FAE04EC0-301F-11D3-BF4B-00C04F79EFBC}") = "Tyuiu.SherenkovIR.Sprint1.Task2.V13.Test", "Tyuiu.SherenkovIR.Sprint1.Task2.V13.Test\Tyuiu.SherenkovIR.Sprint1.Task2.V13.Test.csproj", "{CACDDE0F-394E-439E-934C-24F3F3142A89}"
EndProject
Project("{2150E333-8FDC-42A3-9474-1A3956D46DE8}") = "Task3", "Task3", "{444AE431-10FD-442E-8B45-12C7FA4C901E}"
EndProject
Project("{FAE04EC0-301F-11D3-BF4B-00C04F79EFBC}") = "Tyuiu.SherenkovIR.Sprint1.Task3.V1", "Tyuiu.SherenkovIR.Sprint1.Task3.V1\Tyuiu.SherenkovIR.Sprint1.Task3.V1.csproj", "{D3CE576A-F400-4D9E-9C28-5647B0AC5733}"
EndProject
Project("{FAE04EC0-301F-11D3-BF4B-00C04F79EFBC}") = "Tyuiu.SherenkovIR.Sprint1.Task3.V1.Lib", "Tyuiu.SherenkovIR.Sprint1.Task3.V1.Lib\Tyuiu.SherenkovIR.Sprint1.Task3.V1.Lib.csproj", "{7C6B26D7-5895-4F67-80F4-9FB9E2515F91}"
EndProject
Project("{FAE04EC0-301F-11D3-BF4B-00C04F79EFBC}") = "Tyuiu.SherenkovIR.Sprint1.Task3.V1.Test", "Tyuiu.SherenkovIR.Sprint1.Task3.V1.Test\Tyuiu.SherenkovIR.Sprint1.Task3.V1.Test.csproj", "{9A362D40-10F2-4A83-9DBC-A0BD1FFC942C}"
EndProject
Global
	GlobalSection(SolutionConfigurationPlatforms) = preSolution
		Debug|Any CPU = Debug|Any CPU
		Release|Any CPU = Release|Any CPU
	EndGlobalSection
	GlobalSection(ProjectConfigurationPlatforms) = postSolution
		{5ECEC236-CB83-48C7-924A-F2C423907E72}.Debug|Any CPU.ActiveCfg = Debug|Any CPU
		{5ECEC236-CB83-48C7-924A-F2C423907E72}.Debug|Any CPU.Build.0 = Debug|Any CPU
		{5ECEC236-CB83-48C7-924A-F2C423907E72}.Release|Any CPU.ActiveCfg = Release|Any CPU
		{5ECEC236-CB83-48C7-924A-F2C423907E72}.Release|Any CPU.Build.0 = Release|Any CPU
		{338C9537-C4C6-4913-B6D0-6E68752278B4}.Debug|Any CPU.ActiveCfg = Debug|Any CPU
		{338C9537-C4C6-4913-B6D0-6E68752278B4}.Debug|Any CPU.Build.0 = Debug|Any CPU
		{338C9537-C4C6-4913-B6D0-6E68752278B4}.Release|Any CPU.ActiveCfg = Release|Any CPU
		{338C9537-C4C6-4913-B6D0-6E68752278B4}.Release|Any CPU.Build.0 = Release|Any CPU
		{9ADD90F6-03A2-410C-995F-4D21F06CEFC9}.Debug|Any CPU.ActiveCfg = Debug|Any CPU
		{9ADD90F6-03A2-410C-995F-4D21F06CEFC9}.Debug|Any CPU.Build.0 = Debug|Any CPU
		{9ADD90F6-03A2-410C-995F-4D21F06CEFC9}.Release|Any CPU.ActiveCfg = Release|Any CPU
		{9ADD90F6-03A2-410C-995F-4D21F06CEFC9}.Release|Any CPU.Build.0 = Release|Any CPU
		{FBA1033D-1766-45A3-92E0-39C58942C1FA}.Debug|Any CPU.ActiveCfg = Debug|Any CPU
		{FBA1033D-1766-45A3-92E0-39C58942C1FA}.Debug|Any CPU.Build.0 = Debug|Any CPU
		{FBA1033D-1766-45A3-92E0-39C58942C1FA}.Release|Any CPU.ActiveCfg = Release|Any CPU
		{FBA1033D-1766-45A3-92E0-39C58942C1FA}.Release|Any CPU.Build.0 = Release|Any CPU
		{72FC56BE-2ACA-4134-8349-EDF283B753EE}.Debug|Any CPU.ActiveCfg = Debug|Any CPU
		{72FC56BE-2ACA-4134-8349-EDF283B753EE}.Debug|Any CPU.Build.0 = Debug|Any CPU
		{72FC56BE-2ACA-4134-8349-EDF283B753EE}.Release|Any CPU.ActiveCfg = Release|Any CPU
		{72FC56BE-2ACA-4134-8349-EDF283B753EE}.Release|Any CPU.Build.0 = Release|Any CPU
		{F3CCC822-9F25-4132-B617-0FB5C95B0B05}.Debug|Any CPU.ActiveCfg = Debug|Any CPU
		{F3CCC822-9F25-4132-B617-0FB5C95B0B05}.Debug|Any CPU.Build.0 = Debug|Any CPU
		{F3CCC822-9F25-4132-B617-0FB5C95B0B05}.Release|Any CPU.ActiveCfg = Release|Any CPU
		{F3CCC822-9F25-4132-B617-0FB5C95B0B05}.Release|Any CPU.Build.0 = Release|Any CPU
		{F2F33335-56EC-4B96-A61A-BC6372A7660E}.Debug|Any CPU.ActiveCfg = Debug|Any CPU
		{F2F33335-56EC-4B96-A61A-BC6372A7660E}.Debug|Any CPU.Build.0 = Debug|Any CPU
		{F2F33335-56EC-4B96-A61A-BC6372A7660E}.Release|Any CPU.ActiveCfg = Release|Any CPU
		{F2F33335-56EC-4B96-A61A-BC6372A7660E}.Release|Any CPU.Build.0 = Release|Any CPU
		{43B8D042-B721-47BB-AF5A-22131735A91A}.Debug|Any CPU.ActiveCfg = Debug|Any CPU
		{43B8D042-B721-47BB-AF5A-22131735A91A}.Debug|Any CPU.Build.0 = Debug|Any CPU
		{43B8D042-B721-47BB-AF5A-22131735A91A}.Release|Any CPU.ActiveCfg = Release|Any CPU
		{43B8D042-B721-47BB-AF5A-22131735A91A}.Release|Any CPU.Build.0 = Release|Any CPU
		{CACDDE0F-394E-439E-934C-24F3F3142A89}.Debug|Any CPU.ActiveCfg = Debug|Any CPU
		{CACDDE0F-394E-439E-934C-24F3F3142A89}.Debug|Any CPU.Build.0 = Debug|Any CPU
		{CACDDE0F-394E-439E-934C-24F3F3142A89}.Release|Any CPU.ActiveCfg = Release|Any CPU
		{CACDDE0F-394E-439E-934C-24F3F3142A89}.Release|Any CPU.Build.0 = Release|Any CPU
		{D3CE576A-F400-4D9E-9C28-5647B0AC5733}.Debug|Any CPU.ActiveCfg = Debug|Any CPU
		{D3CE576A-F400-4D9E-9C28-5647B0AC5733}.Debug|Any CPU.Build.0 = Debug|Any CPU
		{D3CE576A-F400-4D9E-9C28-5647B0AC5733}.Release|Any CPU.ActiveCfg = Release|Any CPU
		{D3CE576A-F400-4D9E-9C28-5647B0AC5733}.Release|Any CPU.Build.0 = Release|Any CPU
		{7C6B26D7-5895-4F67-80F4-9FB9E2515F91}.Debug|Any CPU.ActiveCfg = Debug|Any CPU
		{7C6B26D7-5895-4F67-80F4-9FB9E2515F91}.Debug|Any CPU.Build.0 = Debug|Any CPU
		{7C6B26D7-5895-4F67-80F4-9FB9E2515F91}.Release|Any CPU.ActiveCfg = Release|Any CPU
		{7C6B26D7-5895-4F67-80F4-9FB9E2515F91}.Release|Any CPU.Build.0 = Release|Any CPU
		{9A362D40-10F2-4A83-9DBC-A0BD1FFC942C}.Debug|Any CPU.ActiveCfg = Debug|Any CPU
		{9A362D40-10F2-4A83-9DBC-A0BD1FFC942C}.Debug|Any CPU.Build.0 = Debug|Any CPU
		{9A362D40-10F2-4A83-9DBC-A0BD1FFC942C}.Release|Any CPU.ActiveCfg = Release|Any CPU
		{9A362D40-10F2-4A83-9DBC-A0BD1FFC942C}.Release|Any CPU.Build.0 = Release|Any CPU
	EndGlobalSection
	GlobalSection(SolutionProperties) = preSolution
		HideSolutionNode = FALSE
	EndGlobalSection
	GlobalSection(NestedProjects) = preSolution
		{5ECEC236-CB83-48C7-924A-F2C423907E72} = {02EA681E-C7D8-13C7-8484-4AC65E1B71E8}
		{338C9537-C4C6-4913-B6D0-6E68752278B4} = {02EA681E-C7D8-13C7-8484-4AC65E1B71E8}
		{9ADD90F6-03A2-410C-995F-4D21F06CEFC9} = {02EA681E-C7D8-13C7-8484-4AC65E1B71E8}
		{FBA1033D-1766-45A3-92E0-39C58942C1FA} = {3837C36D-5C27-4C30-AB74-14F0FBA3D9AB}
		{72FC56BE-2ACA-4134-8349-EDF283B753EE} = {3837C36D-5C27-4C30-AB74-14F0FBA3D9AB}
		{F3CCC822-9F25-4132-B617-0FB5C95B0B05} = {3837C36D-5C27-4C30-AB74-14F0FBA3D9AB}
		{F2F33335-56EC-4B96-A61A-BC6372A7660E} = {6DC9E4B1-63DE-426C-93E1-32B1272090FF}
		{43B8D042-B721-47BB-AF5A-22131735A91A} = {6DC9E4B1-63DE-426C-93E1-32B1272090FF}
		{CACDDE0F-394E-439E-934C-24F3F3142A89} = {6DC9E4B1-63DE-426C-93E1-32B1272090FF}
		{D3CE576A-F400-4D9E-9C28-5647B0AC5733} = {444AE431-10FD-442E-8B45-12C7FA4C901E}
		{7C6B26D7-5895-4F67-80F4-9FB9E2515F91} = {444AE431-10FD-442E-8B45-12C7FA4C901E}
		{9A362D40-10F2-4A83-9DBC-A0BD1FFC942C} = {444AE431-10FD-442E-8B45-12C7FA4C901E}
	EndGlobalSection
	GlobalSection(ExtensibilityGlobals) = postSolution
		SolutionGuid = {0F13E93B-09D7-4F1D-9316-28EF33E7AA10}
	EndGlobalSection
EndGlobal
